
Microsoft Visual Studio Solution File, Format Version 12.00
# Visual Studio 2012
Project("{FAE04EC0-301F-11D3-BF4B-00C04F79EFBC}") = "Etcd.Modules", "Etcd.Modules\Etcd.Modules.csproj", "{62D48153-6553-47DA-96E5-8C8DDFD0437B}"
EndProject
Project("{FAE04EC0-301F-11D3-BF4B-00C04F79EFBC}") = "etcetera", "..\..\..\..\Users\james.andrewsmith\Documents\GitHub\etcetera\etcetera\etcetera.csproj", "{6B923AD0-B102-4366-8321-79F8D1CA47FF}"
EndProject
Global
	GlobalSection(SolutionConfigurationPlatforms) = preSolution
		Debug|Any CPU = Debug|Any CPU
		Release|Any CPU = Release|Any CPU
	EndGlobalSection
	GlobalSection(ProjectConfigurationPlatforms) = postSolution
		{62D48153-6553-47DA-96E5-8C8DDFD0437B}.Debug|Any CPU.ActiveCfg = Debug|Any CPU
		{62D48153-6553-47DA-96E5-8C8DDFD0437B}.Debug|Any CPU.Build.0 = Debug|Any CPU
		{62D48153-6553-47DA-96E5-8C8DDFD0437B}.Release|Any CPU.ActiveCfg = Release|Any CPU
		{62D48153-6553-47DA-96E5-8C8DDFD0437B}.Release|Any CPU.Build.0 = Release|Any CPU
		{6B923AD0-B102-4366-8321-79F8D1CA47FF}.Debug|Any CPU.ActiveCfg = Debug|Any CPU
		{6B923AD0-B102-4366-8321-79F8D1CA47FF}.Debug|Any CPU.Build.0 = Debug|Any CPU
		{6B923AD0-B102-4366-8321-79F8D1CA47FF}.Release|Any CPU.ActiveCfg = Release|Any CPU
		{6B923AD0-B102-4366-8321-79F8D1CA47FF}.Release|Any CPU.Build.0 = Release|Any CPU
	EndGlobalSection
	GlobalSection(SolutionProperties) = preSolution
		HideSolutionNode = FALSE
	EndGlobalSection
EndGlobal
